<?xml version="1.0" encoding="utf-8"?>
<Project ToolsVersion="4.0" xmlns="http://schemas.microsoft.com/developer/msbuild/2003">
  <ItemGroup>
    <Filter Include="Source Files">
      <UniqueIdentifier>{4FC737F1-C7A5-4376-A066-2A32D752A2FF}</UniqueIdentifier>
      <Extensions>cpp;c;cc;cxx;def;odl;idl;hpj;bat;asm;asmx</Extensions>
    </Filter>
    <Filter Include="Header Files">
      <UniqueIdentifier>{93995380-89BD-4b04-88EB-625FBE52EBFB}</UniqueIdentifier>
      <Extensions>h;hh;hpp;hxx;hm;inl;inc;xsd</Extensions>
    </Filter>
    <Filter Include="Resource Files">
      <UniqueIdentifier>{D9D6E242-F8AF-46E4-B9FD-80ECBC20BA3E}</UniqueIdentifier>
      <Extensions>qrc;*</Extensions>
      <ParseFiles>false</ParseFiles>
    </Filter>
    <Filter Include="Form Files">
      <UniqueIdentifier>{99349809-55BA-4b9d-BF79-8FDBB0286EB3}</UniqueIdentifier>
      <Extensions>ui</Extensions>
    </Filter>
    <Filter Include="Resource Files">
      <UniqueIdentifier>{D9D6E242-F8AF-46E4-B9FD-80ECBC20BA3E}</UniqueIdentifier>
      <Extensions>qrc;*</Extensions>
      <ParseFiles>false</ParseFiles>
    </Filter>
  </ItemGroup>
  <ItemGroup>
    <ClCompile Include="src\dialog\globalsearchresult.cpp">
      <Filter>Source Files</Filter>
    </ClCompile>
    <ClCompile Include="src\dialog\headerviewwithcheckbox.cpp">
      <Filter>Source Files</Filter>
    </ClCompile>
    <ClCompile Include="src\dialog\layerattributetabledialog.cpp">
      <Filter>Source Files</Filter>
    </ClCompile>
    <ClCompile Include="src\dialog\layerstyledialog.cpp">
      <Filter>Source Files</Filter>
    </ClCompile>
    <ClCompile Include="src\dialog\postgresqlconnect.cpp">
      <Filter>Source Files</Filter>
    </ClCompile>
    <ClCompile Include="src\dialog\postgresqltableselect.cpp">
      <Filter>Source Files</Filter>
    </ClCompile>
    <ClCompile Include="src\dialog\viewlog.cpp">
      <Filter>Source Files</Filter>
    </ClCompile>
    <ClCompile Include="src\geo\geometry\geogeometrycollection.cpp">
      <Filter>Source Files</Filter>
    </ClCompile>
    <ClCompile Include="src\geo\geometry\geolinearring.cpp">
      <Filter>Source Files</Filter>
    </ClCompile>
    <ClCompile Include="src\geo\geometry\geolinestring.cpp">
      <Filter>Source Files</Filter>
    </ClCompile>
    <ClCompile Include="src\geo\geometry\geomultilinestring.cpp">
      <Filter>Source Files</Filter>
    </ClCompile>
    <ClCompile Include="src\geo\geometry\geomultipoint.cpp">
      <Filter>Source Files</Filter>
    </ClCompile>
    <ClCompile Include="src\geo\geometry\geomultipolygon.cpp">
      <Filter>Source Files</Filter>
    </ClCompile>
    <ClCompile Include="src\geo\geometry\geopoint.cpp">
      <Filter>Source Files</Filter>
    </ClCompile>
    <ClCompile Include="src\geo\geometry\geopolygon.cpp">
      <Filter>Source Files</Filter>
    </ClCompile>
    <ClCompile Include="src\geo\index\grid.cpp">
      <Filter>Source Files</Filter>
    </ClCompile>
    <ClCompile Include="src\geo\index\gridindex.cpp">
      <Filter>Source Files</Filter>
    </ClCompile>
    <ClCompile Include="src\geo\map\geofeature.cpp">
      <Filter>Source Files</Filter>
    </ClCompile>
    <ClCompile Include="src\geo\map\geomap.cpp">
      <Filter>Source Files</Filter>
    </ClCompile>
    <ClCompile Include="src\geo\tool\kernel_density.cpp">
      <Filter>Source Files</Filter>
    </ClCompile>
    <ClCompile Include="src\geo\utility\geo_convert.cpp">
      <Filter>Source Files</Filter>
    </ClCompile>
    <ClCompile Include="src\geo\utility\geo_math.cpp">
      <Filter>Source Files</Filter>
    </ClCompile>
    <ClCompile Include="src\geo\utility\geo_utility.cpp">
      <Filter>Source Files</Filter>
    </ClCompile>
    <ClCompile Include="src\geo\utility\geojson.cpp">
      <Filter>Source Files</Filter>
    </ClCompile>
    <ClCompile Include="src\geo\utility\sld.cpp">
      <Filter>Source Files</Filter>
    </ClCompile>
    <ClCompile Include="src\opengl\layermanager\opengllayermanager.cpp">
      <Filter>Source Files</Filter>
    </ClCompile>
    <ClCompile Include="src\opengl\glcall.cpp">
      <Filter>Source Files</Filter>
    </ClCompile>
    <ClCompile Include="src\opengl\indexbuffer.cpp">
      <Filter>Source Files</Filter>
    </ClCompile>
    <ClCompile Include="src\opengl\renderer.cpp">
      <Filter>Source Files</Filter>
    </ClCompile>
    <ClCompile Include="src\opengl\shader.cpp">
      <Filter>Source Files</Filter>
    </ClCompile>
    <ClCompile Include="src\opengl\vertexarray.cpp">
      <Filter>Source Files</Filter>
    </ClCompile>
    <ClCompile Include="src\opengl\vertexbuffer.cpp">
      <Filter>Source Files</Filter>
    </ClCompile>
    <ClCompile Include="src\opengl\vertexbufferlayout.cpp">
      <Filter>Source Files</Filter>
    </ClCompile>
    <ClCompile Include="src\widget\colorblockwidget.cpp">
      <Filter>Source Files</Filter>
    </ClCompile>
    <ClCompile Include="src\widget\globalsearchwidget.cpp">
      <Filter>Source Files</Filter>
    </ClCompile>
    <ClCompile Include="src\widget\layerstreewidget.cpp">
      <Filter>Source Files</Filter>
    </ClCompile>
    <ClCompile Include="src\widget\layerstreewidgetitem.cpp">
      <Filter>Source Files</Filter>
    </ClCompile>
    <ClCompile Include="src\widget\openglwidget.cpp">
      <Filter>Source Files</Filter>
    </ClCompile>
    <ClCompile Include="src\widget\searchcompleter.cpp">
      <Filter>Source Files</Filter>
    </ClCompile>
    <ClCompile Include="src\widget\toolboxtreewidget.cpp">
      <Filter>Source Files</Filter>
    </ClCompile>
    <ClCompile Include="src\main.cpp">
      <Filter>Source Files</Filter>
    </ClCompile>
    <ClCompile Include="src\utility.cpp">
      <Filter>Source Files</Filter>
    </ClCompile>
    <ClCompile Include="src\icgis.cpp">
      <Filter>Source Files</Filter>
    </ClCompile>
    <ClCompile Include="src\widget\comboboxproxystyle.h">
      <Filter>Source Files</Filter>
    </ClCompile>
    <ClCompile Include="src\geo\map\geofeaturelayerproperty.cpp">
      <Filter>Source Files</Filter>
    </ClCompile>
    <ClCompile Include="src\geo\map\georasterlayerproperty.cpp">
      <Filter>Source Files</Filter>
    </ClCompile>
    <ClCompile Include="src\geo\utility\filereader.cpp">
      <Filter>Source Files</Filter>
    </ClCompile>
    <ClCompile Include="src\geo\raster\georasterband.cpp">
      <Filter>Source Files</Filter>
    </ClCompile>
    <ClCompile Include="src\geo\raster\geotiff.cpp">
      <Filter>Source Files</Filter>
    </ClCompile>
    <ClCompile Include="src\geo\raster\georasterdata.cpp">
      <Filter>Source Files</Filter>
    </ClCompile>
    <ClCompile Include="src\geo\map\geofeaturelayer.cpp">
      <Filter>Source Files</Filter>
    </ClCompile>
    <ClCompile Include="src\geo\map\georasterlayer.cpp">
      <Filter>Source Files</Filter>
    </ClCompile>
    <ClCompile Include="src\opengl\layermanager\openglfeaturelayerdescriptor.cpp">
      <Filter>Source Files</Filter>
    </ClCompile>
    <ClCompile Include="src\opengl\texture.cpp">
      <Filter>Source Files</Filter>
    </ClCompile>
  </ItemGroup>
  <ItemGroup>
    <QtMoc Include="src\dialog\globalsearchresult.h">
      <Filter>Header Files</Filter>
    </QtMoc>
    <QtMoc Include="src\dialog\headerviewwithcheckbox.h">
      <Filter>Header Files</Filter>
    </QtMoc>
    <QtMoc Include="src\dialog\layerattributetabledialog.h">
      <Filter>Header Files</Filter>
    </QtMoc>
    <QtMoc Include="src\dialog\layerstyledialog.h">
      <Filter>Header Files</Filter>
    </QtMoc>
    <QtMoc Include="src\dialog\postgresqlconnect.h">
      <Filter>Header Files</Filter>
    </QtMoc>
    <QtMoc Include="src\dialog\postgresqltableselect.h">
      <Filter>Header Files</Filter>
    </QtMoc>
    <QtMoc Include="src\dialog\viewlog.h">
      <Filter>Header Files</Filter>
    </QtMoc>
    <QtMoc Include="src\geo\tool\geotool.h">
      <Filter>Header Files</Filter>
    </QtMoc>
    <QtMoc Include="src\geo\tool\kernel_density.h">
      <Filter>Header Files</Filter>
    </QtMoc>
    <QtMoc Include="src\widget\colorblockwidget.h">
      <Filter>Header Files</Filter>
    </QtMoc>
    <QtMoc Include="src\widget\globalsearchwidget.h">
      <Filter>Header Files</Filter>
    </QtMoc>
    <QtMoc Include="src\widget\layerstreewidget.h">
      <Filter>Header Files</Filter>
    </QtMoc>
    <QtMoc Include="src\widget\openglwidget.h">
      <Filter>Header Files</Filter>
    </QtMoc>
    <QtMoc Include="src\widget\searchcompleter.h">
      <Filter>Header Files</Filter>
    </QtMoc>
    <QtMoc Include="src\icgis.h">
      <Filter>Header Files</Filter>
    </QtMoc>
  </ItemGroup>
  <ItemGroup>
    <QtRcc Include="icgis.qrc">
      <Filter>Resource Files</Filter>
    </QtRcc>
  </ItemGroup>
  <ItemGroup>
    <ClInclude Include="src\geo\geometry\geogeometry.h">
      <Filter>Header Files</Filter>
    </ClInclude>
    <ClInclude Include="src\geo\index\grid.h">
      <Filter>Header Files</Filter>
    </ClInclude>
    <ClInclude Include="src\geo\index\gridindex.h">
      <Filter>Header Files</Filter>
    </ClInclude>
    <ClInclude Include="src\geo\index\spatialindex.h">
      <Filter>Header Files</Filter>
    </ClInclude>
    <ClInclude Include="src\geo\map\geofeature.h">
      <Filter>Header Files</Filter>
    </ClInclude>
    <ClInclude Include="src\geo\map\geofielddefn.h">
      <Filter>Header Files</Filter>
    </ClInclude>
    <ClInclude Include="src\geo\map\geolayer.h">
      <Filter>Header Files</Filter>
    </ClInclude>
    <ClInclude Include="src\geo\map\geomap.h">
      <Filter>Header Files</Filter>
    </ClInclude>
    <ClInclude Include="src\geo\map\geomapproperty.h">
      <Filter>Header Files</Filter>
    </ClInclude>
    <ClInclude Include="src\geo\utility\geo_convert.h">
      <Filter>Header Files</Filter>
    </ClInclude>
    <ClInclude Include="src\geo\utility\geo_math.h">
      <Filter>Header Files</Filter>
    </ClInclude>
    <ClInclude Include="src\geo\utility\geo_utility.h">
      <Filter>Header Files</Filter>
    </ClInclude>
    <ClInclude Include="src\geo\utility\geojson.h">
      <Filter>Header Files</Filter>
    </ClInclude>
    <ClInclude Include="src\geo\utility\sld.h">
      <Filter>Header Files</Filter>
    </ClInclude>
    <ClInclude Include="src\geo\geo_base.hpp">
      <Filter>Header Files</Filter>
    </ClInclude>
    <ClInclude Include="src\opengl\layermanager\openglfeaturedescriptor.h">
      <Filter>Header Files</Filter>
    </ClInclude>
    <ClInclude Include="src\opengl\layermanager\opengllayerdescriptor.h">
      <Filter>Header Files</Filter>
    </ClInclude>
    <ClInclude Include="src\opengl\layermanager\opengllayermanager.h">
      <Filter>Header Files</Filter>
    </ClInclude>
    <ClInclude Include="src\opengl\glcall.h">
      <Filter>Header Files</Filter>
    </ClInclude>
    <ClInclude Include="src\opengl\indexbuffer.h">
      <Filter>Header Files</Filter>
    </ClInclude>
    <ClInclude Include="src\opengl\renderer.h">
      <Filter>Header Files</Filter>
    </ClInclude>
    <ClInclude Include="src\opengl\shader.h">
      <Filter>Header Files</Filter>
    </ClInclude>
    <ClInclude Include="src\opengl\vertexarray.h">
      <Filter>Header Files</Filter>
    </ClInclude>
    <ClInclude Include="src\opengl\vertexbuffer.h">
      <Filter>Header Files</Filter>
    </ClInclude>
    <ClInclude Include="src\opengl\vertexbufferlayout.h">
      <Filter>Header Files</Filter>
    </ClInclude>
    <ClInclude Include="src\widget\layerstreewidgetitem.h">
      <Filter>Header Files</Filter>
    </ClInclude>
    <ClInclude Include="src\widget\toolboxtreewidget.h">
      <Filter>Header Files</Filter>
    </ClInclude>
    <ClInclude Include="src\logger.h">
      <Filter>Header Files</Filter>
    </ClInclude>
    <ClInclude Include="src\memoryleakdetect.h">
      <Filter>Header Files</Filter>
    </ClInclude>
    <ClInclude Include="src\utility.h">
      <Filter>Header Files</Filter>
    </ClInclude>
    <ClInclude Include="src\geo\map\geofeaturelayerproperty.h">
      <Filter>Header Files</Filter>
    </ClInclude>
    <ClInclude Include="src\geo\map\georasterlayerproperty.h">
      <Filter>Header Files</Filter>
    </ClInclude>
    <ClInclude Include="src\geo\utility\filereader.h">
      <Filter>Header Files</Filter>
    </ClInclude>
    <ClInclude Include="src\geo\raster\georasterband.h">
      <Filter>Header Files</Filter>
    </ClInclude>
    <ClInclude Include="src\geo\raster\geotiff.h">
      <Filter>Header Files</Filter>
    </ClInclude>
    <ClInclude Include="src\geo\raster\georasterdata.h">
      <Filter>Header Files</Filter>
    </ClInclude>
    <ClInclude Include="src\opengl\layermanager\openglrasterdescriptor.h">
      <Filter>Header Files</Filter>
    </ClInclude>
    <ClInclude Include="src\opengl\texture.h">
      <Filter>Header Files</Filter>
    </ClInclude>
  </ItemGroup>
</Project>